
Microsoft Visual Studio Solution File, Format Version 12.00
# Visual Studio Version 17
VisualStudioVersion = 17.9.34728.123
MinimumVisualStudioVersion = 10.0.40219.1
Project("{FAE04EC0-301F-11D3-BF4B-00C04F79EFBC}") = "EfCoreCodeFirst", "EfCoreCodeFirst\EfCoreCodeFirst.csproj", "{346697DF-8FD2-4B72-9AE8-8BDEFDAC26D4}"
EndProject
Global
	GlobalSection(SolutionConfigurationPlatforms) = preSolution
		Debug|Any CPU = Debug|Any CPU
		Release|Any CPU = Release|Any CPU
	EndGlobalSection
	GlobalSection(ProjectConfigurationPlatforms) = postSolution
		{346697DF-8FD2-4B72-9AE8-8BDEFDAC26D4}.Debug|Any CPU.ActiveCfg = Debug|Any CPU
		{346697DF-8FD2-4B72-9AE8-8BDEFDAC26D4}.Debug|Any CPU.Build.0 = Debug|Any CPU
		{346697DF-8FD2-4B72-9AE8-8BDEFDAC26D4}.Release|Any CPU.ActiveCfg = Release|Any CPU
		{346697DF-8FD2-4B72-9AE8-8BDEFDAC26D4}.Release|Any CPU.Build.0 = Release|Any CPU
	EndGlobalSection
	GlobalSection(SolutionProperties) = preSolution
		HideSolutionNode = FALSE
	EndGlobalSection
	GlobalSection(ExtensibilityGlobals) = postSolution
		SolutionGuid = {1743EEB1-49CA-4490-8763-E23A0EBFA5DE}
	EndGlobalSection
EndGlobal
